
Microsoft Visual Studio Solution File, Format Version 12.00
Project("{2150E333-8FDC-42A3-9474-1A3956D46DE8}") = "async-request-response-api", "async-request-response-api", "{412DFF76-1D36-45D0-BC2B-3A637D987EBE}"
EndProject
Project("{FAE04EC0-301F-11D3-BF4B-00C04F79EFBC}") = "request-response-api", "request-response-api\request-response-api.csproj", "{82C21DDE-9B13-4906-B228-B9E7BB662921}"
EndProject
Project("{FAE04EC0-301F-11D3-BF4B-00C04F79EFBC}") = "saga", "saga-orchestrator\saga\saga.csproj", "{9C00A3EB-D63E-4DE3-94CF-32AD0DF25BB0}"
EndProject
Project("{2150E333-8FDC-42A3-9474-1A3956D46DE8}") = "saga-state", "saga-state", "{E115C7F6-769C-4D4D-AA5E-B54D8EAAC10A}"
EndProject
Project("{2150E333-8FDC-42A3-9474-1A3956D46DE8}") = "redis-message-broker", "redis-message-broker", "{ACAB9971-3721-473D-BE26-65EC42C68E5B}"
EndProject
Project("{FAE04EC0-301F-11D3-BF4B-00C04F79EFBC}") = "redis-pub-sub", "redis-pub-sub\redis-pub-sub.csproj", "{C6C51AD2-3AD4-43C3-97CF-CF8A5A325B81}"
EndProject
Project("{2150E333-8FDC-42A3-9474-1A3956D46DE8}") = "event-sourcing", "event-sourcing", "{D9503B4A-63BE-4A5A-A0CB-511613C6EC4F}"
EndProject
Project("{FAE04EC0-301F-11D3-BF4B-00C04F79EFBC}") = "event-sourcing", "event-sourcing\event-sourcing.csproj", "{DC489637-0B7F-4CDD-8C1C-072B8028B136}"
EndProject
Project("{2150E333-8FDC-42A3-9474-1A3956D46DE8}") = "toxiproxy", "toxiproxy", "{7A85A8A8-31C0-488B-A432-8FF41B376A8D}"
EndProject
Project("{FAE04EC0-301F-11D3-BF4B-00C04F79EFBC}") = "sample-api", "sample-api\sample-api.csproj", "{B216BFCF-8022-41EA-81C5-0BB33585264D}"
EndProject
Project("{FAE04EC0-301F-11D3-BF4B-00C04F79EFBC}") = "toxiproxy-client", "toxiproxy-client\toxiproxy-client.csproj", "{C20DD9AE-A5A3-4E2B-8C26-86A5FB4E1CF7}"
EndProject
Project("{2150E333-8FDC-42A3-9474-1A3956D46DE8}") = "angular", "angular", "{66E82423-5DD4-4B8F-B444-18A19DBDFF2B}"
EndProject
Project("{2150E333-8FDC-42A3-9474-1A3956D46DE8}") = "dockerize-web-api", "dockerize-web-api", "{A5B1A7D4-EFDB-4A3D-8E4B-8F53FD7A5BA2}"
EndProject
Project("{FAE04EC0-301F-11D3-BF4B-00C04F79EFBC}") = "dockerize-web-api", "dockerize-web-api\dockerize-web-api\dockerize-web-api.csproj", "{8DC096F9-6206-4A62-B769-A22C21541EF7}"
EndProject
Project("{2150E333-8FDC-42A3-9474-1A3956D46DE8}") = "Solution Items", "Solution Items", "{77787A48-2A05-49E9-83C9-0FCE4C8C68EB}"
	ProjectSection(SolutionItems) = preProject
		compose.yaml = compose.yaml
	EndProjectSection
EndProject
Global
	GlobalSection(SolutionConfigurationPlatforms) = preSolution
		Debug|Any CPU = Debug|Any CPU
		Release|Any CPU = Release|Any CPU
	EndGlobalSection
	GlobalSection(NestedProjects) = preSolution
		{82C21DDE-9B13-4906-B228-B9E7BB662921} = {412DFF76-1D36-45D0-BC2B-3A637D987EBE}
		{9C00A3EB-D63E-4DE3-94CF-32AD0DF25BB0} = {E115C7F6-769C-4D4D-AA5E-B54D8EAAC10A}
		{C6C51AD2-3AD4-43C3-97CF-CF8A5A325B81} = {ACAB9971-3721-473D-BE26-65EC42C68E5B}
		{DC489637-0B7F-4CDD-8C1C-072B8028B136} = {D9503B4A-63BE-4A5A-A0CB-511613C6EC4F}
		{B216BFCF-8022-41EA-81C5-0BB33585264D} = {7A85A8A8-31C0-488B-A432-8FF41B376A8D}
		{C20DD9AE-A5A3-4E2B-8C26-86A5FB4E1CF7} = {7A85A8A8-31C0-488B-A432-8FF41B376A8D}
		{8DC096F9-6206-4A62-B769-A22C21541EF7} = {A5B1A7D4-EFDB-4A3D-8E4B-8F53FD7A5BA2}
	EndGlobalSection
	GlobalSection(ProjectConfigurationPlatforms) = postSolution
		{82C21DDE-9B13-4906-B228-B9E7BB662921}.Debug|Any CPU.ActiveCfg = Debug|Any CPU
		{82C21DDE-9B13-4906-B228-B9E7BB662921}.Debug|Any CPU.Build.0 = Debug|Any CPU
		{82C21DDE-9B13-4906-B228-B9E7BB662921}.Release|Any CPU.ActiveCfg = Release|Any CPU
		{82C21DDE-9B13-4906-B228-B9E7BB662921}.Release|Any CPU.Build.0 = Release|Any CPU
		{9C00A3EB-D63E-4DE3-94CF-32AD0DF25BB0}.Debug|Any CPU.ActiveCfg = Debug|Any CPU
		{9C00A3EB-D63E-4DE3-94CF-32AD0DF25BB0}.Debug|Any CPU.Build.0 = Debug|Any CPU
		{9C00A3EB-D63E-4DE3-94CF-32AD0DF25BB0}.Release|Any CPU.ActiveCfg = Release|Any CPU
		{9C00A3EB-D63E-4DE3-94CF-32AD0DF25BB0}.Release|Any CPU.Build.0 = Release|Any CPU
		{C6C51AD2-3AD4-43C3-97CF-CF8A5A325B81}.Debug|Any CPU.ActiveCfg = Debug|Any CPU
		{C6C51AD2-3AD4-43C3-97CF-CF8A5A325B81}.Debug|Any CPU.Build.0 = Debug|Any CPU
		{C6C51AD2-3AD4-43C3-97CF-CF8A5A325B81}.Release|Any CPU.ActiveCfg = Release|Any CPU
		{C6C51AD2-3AD4-43C3-97CF-CF8A5A325B81}.Release|Any CPU.Build.0 = Release|Any CPU
		{DC489637-0B7F-4CDD-8C1C-072B8028B136}.Debug|Any CPU.ActiveCfg = Debug|Any CPU
		{DC489637-0B7F-4CDD-8C1C-072B8028B136}.Debug|Any CPU.Build.0 = Debug|Any CPU
		{DC489637-0B7F-4CDD-8C1C-072B8028B136}.Release|Any CPU.ActiveCfg = Release|Any CPU
		{DC489637-0B7F-4CDD-8C1C-072B8028B136}.Release|Any CPU.Build.0 = Release|Any CPU
		{B216BFCF-8022-41EA-81C5-0BB33585264D}.Debug|Any CPU.ActiveCfg = Debug|Any CPU
		{B216BFCF-8022-41EA-81C5-0BB33585264D}.Debug|Any CPU.Build.0 = Debug|Any CPU
		{B216BFCF-8022-41EA-81C5-0BB33585264D}.Release|Any CPU.ActiveCfg = Release|Any CPU
		{B216BFCF-8022-41EA-81C5-0BB33585264D}.Release|Any CPU.Build.0 = Release|Any CPU
		{C20DD9AE-A5A3-4E2B-8C26-86A5FB4E1CF7}.Debug|Any CPU.ActiveCfg = Debug|Any CPU
		{C20DD9AE-A5A3-4E2B-8C26-86A5FB4E1CF7}.Debug|Any CPU.Build.0 = Debug|Any CPU
		{C20DD9AE-A5A3-4E2B-8C26-86A5FB4E1CF7}.Release|Any CPU.ActiveCfg = Release|Any CPU
		{C20DD9AE-A5A3-4E2B-8C26-86A5FB4E1CF7}.Release|Any CPU.Build.0 = Release|Any CPU
		{8DC096F9-6206-4A62-B769-A22C21541EF7}.Debug|Any CPU.ActiveCfg = Debug|Any CPU
		{8DC096F9-6206-4A62-B769-A22C21541EF7}.Debug|Any CPU.Build.0 = Debug|Any CPU
		{8DC096F9-6206-4A62-B769-A22C21541EF7}.Release|Any CPU.ActiveCfg = Release|Any CPU
		{8DC096F9-6206-4A62-B769-A22C21541EF7}.Release|Any CPU.Build.0 = Release|Any CPU
	EndGlobalSection
EndGlobal
